<?xml version="1.0" encoding="utf-8"?>
<Project ToolsVersion="4.0" xmlns="http://schemas.microsoft.com/developer/msbuild/2003">
  <ItemGroup>
    <Filter Include="Source Files">
      <UniqueIdentifier>{4FC737F1-C7A5-4376-A066-2A32D752A2FF}</UniqueIdentifier>
      <Extensions>cpp;c;cc;cxx;c++;cppm;ixx;def;odl;idl;hpj;bat;asm;asmx</Extensions>
    </Filter>
    <Filter Include="Header Files">
      <UniqueIdentifier>{93995380-89BD-4b04-88EB-625FBE52EBFB}</UniqueIdentifier>
      <Extensions>h;hh;hpp;hxx;h++;hm;inl;inc;ipp;xsd</Extensions>
    </Filter>
    <Filter Include="Resource Files">
      <UniqueIdentifier>{67DA6AB6-F800-4c08-8B7A-83BB121AAD01}</UniqueIdentifier>
      <Extensions>rc;ico;cur;bmp;dlg;rc2;rct;bin;rgs;gif;jpg;jpeg;jpe;resx;tiff;tif;png;wav;mfcribbon-ms</Extensions>
    </Filter>
  </ItemGroup>
  <ItemGroup>
    <ClCompile Include="MyCompiler.cpp">
      <Filter>Source Files</Filter>
    </ClCompile>
    <ClCompile Include="MyCompilerLLVM.cpp">
      <Filter>Source Files</Filter>
    </ClCompile>
    <ClCompile Include="JsonRpcLoop.cpp">
      <Filter>Source Files</Filter>
    </ClCompile>
    <ClCompile Include="LspServer.cpp">
      <Filter>Source Files</Filter>
    </ClCompile>
    <ClCompile Include="LspSymbolIndex.cpp">
      <Filter>Source Files</Filter>
    </ClCompile>
  </ItemGroup>
  <ItemGroup>
    <None Include="antlr4.bat">
      <Filter>Source Files</Filter>
    </None>
    <None Include="core\runtime.cb" />
    <None Include="core\string.cb" />
    <None Include="core\list.cb" />
    <None Include="core\hashset.cb" />
    <None Include="core\dictionary.cb" />
    <None Include="core\interfaces.cb" />
    <None Include="core\pair.cb" />
    <None Include="core\filesystem.cb" />
    <None Include="core\math.cb" />
    <None Include="core\queue.cb" />
    <None Include="core\stack.cb" />
    <None Include="core\cruntime.cb" />
    <None Include="core\thread.cb" />
    <None Include="core\stop_token.cb" />
    <None Include="core\block_allocator.cb" />
    <None Include="core\malloc_allocator.cb" />
    <None Include="core\program.cb" />
    <None Include="core\tuple.cb" />
    <None Include="core\time.cb" />
    <None Include="core\random.cb" />
    <None Include="core\slab_allocator.cb" />
    <None Include="core\fit_allocator.cb" />
    <None Include="core\mutex.cb" />
    <None Include="core\atomic.cb" />
    <None Include="core\semaphore.cb" />
    <None Include="core\latch.cb" />
    <None Include="core\rwlock.cb" />
    <None Include="core\channel.cb" />
    <None Include="core\spsc_queue.cb" />
    <None Include="core\json.cb" />
    <None Include="core\arena.cb" />
  </ItemGroup>
  <ItemGroup>
    <CustomBuild Include="CFlat.g4" />
  </ItemGroup>
  <ItemGroup>
    <ClInclude Include="ArgParser.h">
      <Filter>Header Files</Filter>
    </ClInclude>
    <ClInclude Include="CompilerManager.h">
      <Filter>Header Files</Filter>
    </ClInclude>
    <ClInclude Include="Version.h">
      <Filter>Header Files</Filter>
    </ClInclude>
    <ClInclude Include="MyCompilerLLVM.h">
      <Filter>Header Files</Filter>
    </ClInclude>
    <ClInclude Include="MyListener.h">
      <Filter>Header Files</Filter>
    </ClInclude>
    <ClInclude Include="JsonRpcLoop.h">
      <Filter>Header Files</Filter>
    </ClInclude>
    <ClInclude Include="LspServer.h">
      <Filter>Header Files</Filter>
    </ClInclude>
    <ClInclude Include="LspSymbolIndex.h">
      <Filter>Header Files</Filter>
    </ClInclude>
    <ClInclude Include="LspTypes.h">
      <Filter>Header Files</Filter>
    </ClInclude>
    <ClInclude Include="CFlatErrorListener.h">
      <Filter>Header Files</Filter>
    </ClInclude>
  </ItemGroup>
</Project>